
Microsoft Visual Studio Solution File, Format Version 12.00
# Visual Studio 15
Project("{FAE04EC0-301F-11D3-BF4B-00C04F79EFBC}") = "XNodeEditor", "XNodeEditor.csproj", "{A7D40977-A5CD-62BA-55F9-54AE5B479773}"
EndProject
Project("{FAE04EC0-301F-11D3-BF4B-00C04F79EFBC}") = "Assembly-CSharp", "Assembly-CSharp.csproj", "{A07D2073-BBEC-B9B4-0B40-030D1301E5D7}"
EndProject
Project("{FAE04EC0-301F-11D3-BF4B-00C04F79EFBC}") = "Assembly-CSharp-firstpass", "Assembly-CSharp-firstpass.csproj", "{1221BE9E-1D51-4B02-F704-E3BC2B6DDF2F}"
EndProject
Project("{FAE04EC0-301F-11D3-BF4B-00C04F79EFBC}") = "XNode", "XNode.csproj", "{16D05108-93AD-6D01-F7DB-F5174D7469FC}"
EndProject
Project("{FAE04EC0-301F-11D3-BF4B-00C04F79EFBC}") = "Assembly-CSharp-Editor", "Assembly-CSharp-Editor.csproj", "{A2AC1ED7-E37F-C976-DAC9-90A1F307DB9D}"
EndProject
Project("{FAE04EC0-301F-11D3-BF4B-00C04F79EFBC}") = "Assembly-CSharp-Editor-firstpass", "Assembly-CSharp-Editor-firstpass.csproj", "{9D1B984D-FF4B-5F20-B4F5-4C05D197996E}"
EndProject
Global
	GlobalSection(SolutionConfigurationPlatforms) = preSolution
		Debug|Any CPU = Debug|Any CPU
		Release|Any CPU = Release|Any CPU
	EndGlobalSection
	GlobalSection(ProjectConfigurationPlatforms) = postSolution
		{A7D40977-A5CD-62BA-55F9-54AE5B479773}.Debug|Any CPU.ActiveCfg = Debug|Any CPU
		{A7D40977-A5CD-62BA-55F9-54AE5B479773}.Debug|Any CPU.Build.0 = Debug|Any CPU
		{A7D40977-A5CD-62BA-55F9-54AE5B479773}.Release|Any CPU.ActiveCfg = Release|Any CPU
		{A7D40977-A5CD-62BA-55F9-54AE5B479773}.Release|Any CPU.Build.0 = Release|Any CPU
		{A07D2073-BBEC-B9B4-0B40-030D1301E5D7}.Debug|Any CPU.ActiveCfg = Debug|Any CPU
		{A07D2073-BBEC-B9B4-0B40-030D1301E5D7}.Debug|Any CPU.Build.0 = Debug|Any CPU
		{A07D2073-BBEC-B9B4-0B40-030D1301E5D7}.Release|Any CPU.ActiveCfg = Release|Any CPU
		{A07D2073-BBEC-B9B4-0B40-030D1301E5D7}.Release|Any CPU.Build.0 = Release|Any CPU
		{1221BE9E-1D51-4B02-F704-E3BC2B6DDF2F}.Debug|Any CPU.ActiveCfg = Debug|Any CPU
		{1221BE9E-1D51-4B02-F704-E3BC2B6DDF2F}.Debug|Any CPU.Build.0 = Debug|Any CPU
		{1221BE9E-1D51-4B02-F704-E3BC2B6DDF2F}.Release|Any CPU.ActiveCfg = Release|Any CPU
		{1221BE9E-1D51-4B02-F704-E3BC2B6DDF2F}.Release|Any CPU.Build.0 = Release|Any CPU
		{16D05108-93AD-6D01-F7DB-F5174D7469FC}.Debug|Any CPU.ActiveCfg = Debug|Any CPU
		{16D05108-93AD-6D01-F7DB-F5174D7469FC}.Debug|Any CPU.Build.0 = Debug|Any CPU
		{16D05108-93AD-6D01-F7DB-F5174D7469FC}.Release|Any CPU.ActiveCfg = Release|Any CPU
		{16D05108-93AD-6D01-F7DB-F5174D7469FC}.Release|Any CPU.Build.0 = Release|Any CPU
		{A2AC1ED7-E37F-C976-DAC9-90A1F307DB9D}.Debug|Any CPU.ActiveCfg = Debug|Any CPU
		{A2AC1ED7-E37F-C976-DAC9-90A1F307DB9D}.Debug|Any CPU.Build.0 = Debug|Any CPU
		{A2AC1ED7-E37F-C976-DAC9-90A1F307DB9D}.Release|Any CPU.ActiveCfg = Release|Any CPU
		{A2AC1ED7-E37F-C976-DAC9-90A1F307DB9D}.Release|Any CPU.Build.0 = Release|Any CPU
		{9D1B984D-FF4B-5F20-B4F5-4C05D197996E}.Debug|Any CPU.ActiveCfg = Debug|Any CPU
		{9D1B984D-FF4B-5F20-B4F5-4C05D197996E}.Debug|Any CPU.Build.0 = Debug|Any CPU
		{9D1B984D-FF4B-5F20-B4F5-4C05D197996E}.Release|Any CPU.ActiveCfg = Release|Any CPU
		{9D1B984D-FF4B-5F20-B4F5-4C05D197996E}.Release|Any CPU.Build.0 = Release|Any CPU
	EndGlobalSection
	GlobalSection(SolutionProperties) = preSolution
		HideSolutionNode = FALSE
	EndGlobalSection
EndGlobal
