
Microsoft Visual Studio Solution File, Format Version 12.00
# Visual Studio 15
Project("{FAE04EC0-301F-11D3-BF4B-00C04F79EFBC}") = "XNodeEditor", "XNodeEditor.csproj", "{AB8CE747-2BB4-7D25-FA66-92AE5F3F9B18}"
EndProject
Project("{FAE04EC0-301F-11D3-BF4B-00C04F79EFBC}") = "Assembly-CSharp", "Assembly-CSharp.csproj", "{6C217A90-BBFD-FC49-B470-D618333872AC}"
EndProject
Project("{FAE04EC0-301F-11D3-BF4B-00C04F79EFBC}") = "Assembly-CSharp-firstpass", "Assembly-CSharp-firstpass.csproj", "{F6DF504F-F8FB-ACB9-0FF5-DEB7ED0F2EA7}"
EndProject
Project("{FAE04EC0-301F-11D3-BF4B-00C04F79EFBC}") = "XNode", "XNode.csproj", "{07896BA3-790B-82CB-6E4E-D064962B3A00}"
EndProject
Project("{FAE04EC0-301F-11D3-BF4B-00C04F79EFBC}") = "Assembly-CSharp-Editor", "Assembly-CSharp-Editor.csproj", "{7ACA3F90-005F-E504-7035-563FAE00D5B2}"
EndProject
Project("{FAE04EC0-301F-11D3-BF4B-00C04F79EFBC}") = "Assembly-CSharp-Editor-firstpass", "Assembly-CSharp-Editor-firstpass.csproj", "{BBAD5A05-AB32-ED66-BD2C-CD2F3007FE4B}"
EndProject
Global
	GlobalSection(SolutionConfigurationPlatforms) = preSolution
		Debug|Any CPU = Debug|Any CPU
		Release|Any CPU = Release|Any CPU
	EndGlobalSection
	GlobalSection(ProjectConfigurationPlatforms) = postSolution
		{AB8CE747-2BB4-7D25-FA66-92AE5F3F9B18}.Debug|Any CPU.ActiveCfg = Debug|Any CPU
		{AB8CE747-2BB4-7D25-FA66-92AE5F3F9B18}.Debug|Any CPU.Build.0 = Debug|Any CPU
		{AB8CE747-2BB4-7D25-FA66-92AE5F3F9B18}.Release|Any CPU.ActiveCfg = Release|Any CPU
		{AB8CE747-2BB4-7D25-FA66-92AE5F3F9B18}.Release|Any CPU.Build.0 = Release|Any CPU
		{6C217A90-BBFD-FC49-B470-D618333872AC}.Debug|Any CPU.ActiveCfg = Debug|Any CPU
		{6C217A90-BBFD-FC49-B470-D618333872AC}.Debug|Any CPU.Build.0 = Debug|Any CPU
		{6C217A90-BBFD-FC49-B470-D618333872AC}.Release|Any CPU.ActiveCfg = Release|Any CPU
		{6C217A90-BBFD-FC49-B470-D618333872AC}.Release|Any CPU.Build.0 = Release|Any CPU
		{F6DF504F-F8FB-ACB9-0FF5-DEB7ED0F2EA7}.Debug|Any CPU.ActiveCfg = Debug|Any CPU
		{F6DF504F-F8FB-ACB9-0FF5-DEB7ED0F2EA7}.Debug|Any CPU.Build.0 = Debug|Any CPU
		{F6DF504F-F8FB-ACB9-0FF5-DEB7ED0F2EA7}.Release|Any CPU.ActiveCfg = Release|Any CPU
		{F6DF504F-F8FB-ACB9-0FF5-DEB7ED0F2EA7}.Release|Any CPU.Build.0 = Release|Any CPU
		{07896BA3-790B-82CB-6E4E-D064962B3A00}.Debug|Any CPU.ActiveCfg = Debug|Any CPU
		{07896BA3-790B-82CB-6E4E-D064962B3A00}.Debug|Any CPU.Build.0 = Debug|Any CPU
		{07896BA3-790B-82CB-6E4E-D064962B3A00}.Release|Any CPU.ActiveCfg = Release|Any CPU
		{07896BA3-790B-82CB-6E4E-D064962B3A00}.Release|Any CPU.Build.0 = Release|Any CPU
		{7ACA3F90-005F-E504-7035-563FAE00D5B2}.Debug|Any CPU.ActiveCfg = Debug|Any CPU
		{7ACA3F90-005F-E504-7035-563FAE00D5B2}.Debug|Any CPU.Build.0 = Debug|Any CPU
		{7ACA3F90-005F-E504-7035-563FAE00D5B2}.Release|Any CPU.ActiveCfg = Release|Any CPU
		{7ACA3F90-005F-E504-7035-563FAE00D5B2}.Release|Any CPU.Build.0 = Release|Any CPU
		{BBAD5A05-AB32-ED66-BD2C-CD2F3007FE4B}.Debug|Any CPU.ActiveCfg = Debug|Any CPU
		{BBAD5A05-AB32-ED66-BD2C-CD2F3007FE4B}.Debug|Any CPU.Build.0 = Debug|Any CPU
		{BBAD5A05-AB32-ED66-BD2C-CD2F3007FE4B}.Release|Any CPU.ActiveCfg = Release|Any CPU
		{BBAD5A05-AB32-ED66-BD2C-CD2F3007FE4B}.Release|Any CPU.Build.0 = Release|Any CPU
	EndGlobalSection
	GlobalSection(SolutionProperties) = preSolution
		HideSolutionNode = FALSE
	EndGlobalSection
EndGlobal
